{
  "name": ".opencode",
  "lockfileVersion": 3,
  "requires": true,
  "packages": {
    "": {
      "dependencies": {
        "@opencode-ai/plugin": "1.0.0"
      }
    },
    "node_modules/@opencode-ai/plugin": {
      "version": "1.0.0",
      "resolved": "https://registry.npmjs.org/@opencode-ai/plugin/-/plugin-1.0.0.tgz",
      "integrity": "sha512-shvtAu9cRCJ2/MSC4dCbuVsk9FyYvpMWdFF8SY2OMb/M/KYECuN0194zrgQZ8t28Gqs3E7QJS60OBvUrAXrzWA==",
      "dependencies": {
        "@opencode-ai/sdk": "1.0.0",
        "zod": "4.1.8"
      }
    },
    "node_modules/@opencode-ai/sdk": {
      "version": "1.0.0",
      "resolved": "https://registry.npmjs.org/@opencode-ai/sdk/-/sdk-1.0.0.tgz",
      "integrity": "sha512-XuDIdB9hClmO7Bg787gBUbIahT9e0kDGMaoP4UtBzN9WKrESTzpfG9TgJ/Bl1dKszaePrJm1V+SF4Z9qp37m+w=="
    },
    "node_modules/zod": {
      "version": "4.1.8",
      "license": "MIT",
      "funding": {
        "url": "https://github.com/sponsors/colinhacks"
      }
    }
  }
}
